PODS:
  - CallbackURLKit/Core (2.2.0)
  - CallbackURLKit/GoogleChrome (2.2.0):
    - CallbackURLKit/Core
  - CallbackURLKit/Ulysses (2.2.0):
    - CallbackURLKit/Core

DEPENDENCIES:
  - CallbackURLKit/GoogleChrome (from `../CallbackURLKit.podspec`)
  - CallbackURLKit/Ulysses (from `../CallbackURLKit.podspec`)

EXTERNAL SOURCES:
  CallbackURLKit:
    :path: "../CallbackURLKit.podspec"

SPEC CHECKSUMS:
  CallbackURLKit: 63d4ce4c79a0344179d7d5fd9c38175b732b8a6f

PODFILE CHECKSUM: fb5ecaad3a4ff4b9fb6982c1b7d7eb6f545e5d0b

COCOAPODS: 1.6.0
